
Microsoft Visual Studio Solution File, Format Version 12.00
# Visual Studio 15
VisualStudioVersion = 15.0.28307.136
MinimumVisualStudioVersion = 10.0.40219.1
Project("{2150E333-8FDC-42A3-9474-1A3956D46DE8}") = "FGMM", "FGMM", "{F6D2070C-FED5-4915-A0D3-1FEDEE1BE0D9}"
EndProject
Project("{2150E333-8FDC-42A3-9474-1A3956D46DE8}") = "SDK", "SDK", "{BCC37460-CCE0-4A35-8B4C-8664F22F8E3E}"
EndProject
Project("{FAE04EC0-301F-11D3-BF4B-00C04F79EFBC}") = "Server", "FGMM\Server\Server.csproj", "{8B368E4B-FDAF-4F27-9680-53768658983E}"
EndProject
Project("{FAE04EC0-301F-11D3-BF4B-00C04F79EFBC}") = "Server", "SDK\Server\Server.csproj", "{C9A8A03D-62D2-4880-A045-D4A500810E06}"
EndProject
Project("{FAE04EC0-301F-11D3-BF4B-00C04F79EFBC}") = "Core", "SDK\Core\Core.csproj", "{9776AD50-0754-4BB3-A5DD-77C31AE85773}"
EndProject
Project("{FAE04EC0-301F-11D3-BF4B-00C04F79EFBC}") = "Client", "SDK\Client\Client.csproj", "{B97195DB-3E12-4215-96A8-8829F8D6BD79}"
EndProject
Project("{FAE04EC0-301F-11D3-BF4B-00C04F79EFBC}") = "Client", "FGMM\Client\Client.csproj", "{A74A8BEF-9D8C-4D7C-8856-C721EC32060F}"
EndProject
Project("{FAE04EC0-301F-11D3-BF4B-00C04F79EFBC}") = "DummyAssembly", "DummyAssembly\DummyAssembly.csproj", "{FE574E50-429E-4A41-A736-342B9AA55DCB}"
EndProject
Project("{FAE04EC0-301F-11D3-BF4B-00C04F79EFBC}") = "Gamemodes", "SDK\Gamemodes\Gamemodes.csproj", "{F1A7990A-EC4D-4156-8602-3C53D3BE7477}"
EndProject
Global
	GlobalSection(SolutionConfigurationPlatforms) = preSolution
		Debug|Any CPU = Debug|Any CPU
		Release|Any CPU = Release|Any CPU
	EndGlobalSection
	GlobalSection(ProjectConfigurationPlatforms) = postSolution
		{8B368E4B-FDAF-4F27-9680-53768658983E}.Debug|Any CPU.ActiveCfg = Debug|Any CPU
		{8B368E4B-FDAF-4F27-9680-53768658983E}.Debug|Any CPU.Build.0 = Debug|Any CPU
		{8B368E4B-FDAF-4F27-9680-53768658983E}.Release|Any CPU.ActiveCfg = Release|Any CPU
		{8B368E4B-FDAF-4F27-9680-53768658983E}.Release|Any CPU.Build.0 = Release|Any CPU
		{C9A8A03D-62D2-4880-A045-D4A500810E06}.Debug|Any CPU.ActiveCfg = Debug|Any CPU
		{C9A8A03D-62D2-4880-A045-D4A500810E06}.Debug|Any CPU.Build.0 = Debug|Any CPU
		{C9A8A03D-62D2-4880-A045-D4A500810E06}.Release|Any CPU.ActiveCfg = Release|Any CPU
		{C9A8A03D-62D2-4880-A045-D4A500810E06}.Release|Any CPU.Build.0 = Release|Any CPU
		{9776AD50-0754-4BB3-A5DD-77C31AE85773}.Debug|Any CPU.ActiveCfg = Debug|Any CPU
		{9776AD50-0754-4BB3-A5DD-77C31AE85773}.Debug|Any CPU.Build.0 = Debug|Any CPU
		{9776AD50-0754-4BB3-A5DD-77C31AE85773}.Release|Any CPU.ActiveCfg = Release|Any CPU
		{9776AD50-0754-4BB3-A5DD-77C31AE85773}.Release|Any CPU.Build.0 = Release|Any CPU
		{B97195DB-3E12-4215-96A8-8829F8D6BD79}.Debug|Any CPU.ActiveCfg = Debug|Any CPU
		{B97195DB-3E12-4215-96A8-8829F8D6BD79}.Debug|Any CPU.Build.0 = Debug|Any CPU
		{B97195DB-3E12-4215-96A8-8829F8D6BD79}.Release|Any CPU.ActiveCfg = Release|Any CPU
		{B97195DB-3E12-4215-96A8-8829F8D6BD79}.Release|Any CPU.Build.0 = Release|Any CPU
		{A74A8BEF-9D8C-4D7C-8856-C721EC32060F}.Debug|Any CPU.ActiveCfg = Debug|Any CPU
		{A74A8BEF-9D8C-4D7C-8856-C721EC32060F}.Debug|Any CPU.Build.0 = Debug|Any CPU
		{A74A8BEF-9D8C-4D7C-8856-C721EC32060F}.Release|Any CPU.ActiveCfg = Release|Any CPU
		{A74A8BEF-9D8C-4D7C-8856-C721EC32060F}.Release|Any CPU.Build.0 = Release|Any CPU
		{FE574E50-429E-4A41-A736-342B9AA55DCB}.Debug|Any CPU.ActiveCfg = Debug|Any CPU
		{FE574E50-429E-4A41-A736-342B9AA55DCB}.Debug|Any CPU.Build.0 = Debug|Any CPU
		{FE574E50-429E-4A41-A736-342B9AA55DCB}.Release|Any CPU.ActiveCfg = Release|Any CPU
		{FE574E50-429E-4A41-A736-342B9AA55DCB}.Release|Any CPU.Build.0 = Release|Any CPU
		{F1A7990A-EC4D-4156-8602-3C53D3BE7477}.Debug|Any CPU.ActiveCfg = Debug|Any CPU
		{F1A7990A-EC4D-4156-8602-3C53D3BE7477}.Debug|Any CPU.Build.0 = Debug|Any CPU
		{F1A7990A-EC4D-4156-8602-3C53D3BE7477}.Release|Any CPU.ActiveCfg = Release|Any CPU
		{F1A7990A-EC4D-4156-8602-3C53D3BE7477}.Release|Any CPU.Build.0 = Release|Any CPU
	EndGlobalSection
	GlobalSection(SolutionProperties) = preSolution
		HideSolutionNode = FALSE
	EndGlobalSection
	GlobalSection(NestedProjects) = preSolution
		{8B368E4B-FDAF-4F27-9680-53768658983E} = {F6D2070C-FED5-4915-A0D3-1FEDEE1BE0D9}
		{C9A8A03D-62D2-4880-A045-D4A500810E06} = {BCC37460-CCE0-4A35-8B4C-8664F22F8E3E}
		{9776AD50-0754-4BB3-A5DD-77C31AE85773} = {BCC37460-CCE0-4A35-8B4C-8664F22F8E3E}
		{B97195DB-3E12-4215-96A8-8829F8D6BD79} = {BCC37460-CCE0-4A35-8B4C-8664F22F8E3E}
		{A74A8BEF-9D8C-4D7C-8856-C721EC32060F} = {F6D2070C-FED5-4915-A0D3-1FEDEE1BE0D9}
		{F1A7990A-EC4D-4156-8602-3C53D3BE7477} = {BCC37460-CCE0-4A35-8B4C-8664F22F8E3E}
	EndGlobalSection
	GlobalSection(ExtensibilityGlobals) = postSolution
		SolutionGuid = {7DF66310-9B72-4DCA-95FE-A4658680E245}
	EndGlobalSection
EndGlobal
